// !$*UTF8*$!
{
	archiveVersion = 1;
	classes = {
	};
	objectVersion = 50;
	objects = {

/* Begin PBXBuildFile section */
		301136FB226B7EB800894D04 /* UITableView+Extension.swift in Sources */ = {isa = PBXBuildFile; fileRef = 301136FA226B7EB800894D04 /* UITableView+Extension.swift */; };
		301136FD226B813700894D04 /* UICollectionView+Extension.swift in Sources */ = {isa = PBXBuildFile; fileRef = 301136FC226B813700894D04 /* UICollectionView+Extension.swift */; };
		30113704226B867700894D04 /* PhotosVM.swift in Sources */ = {isa = PBXBuildFile; fileRef = 301136FF226B867700894D04 /* PhotosVM.swift */; };
		30113705226B867700894D04 /* PhotosResponse.swift in Sources */ = {isa = PBXBuildFile; fileRef = 30113700226B867700894D04 /* PhotosResponse.swift */; };
		30113706226B867700894D04 /* PhotosVC.storyboard in Resources */ = {isa = PBXBuildFile; fileRef = 30113701226B867700894D04 /* PhotosVC.storyboard */; };
		30113707226B867700894D04 /* PhotosCell.swift in Sources */ = {isa = PBXBuildFile; fileRef = 30113702226B867700894D04 /* PhotosCell.swift */; };
		30113708226B867700894D04 /* PhotosVC.swift in Sources */ = {isa = PBXBuildFile; fileRef = 30113703226B867700894D04 /* PhotosVC.swift */; };
		30120FE42251F309009451E5 /* VKDelegate.swift in Sources */ = {isa = PBXBuildFile; fileRef = 30120FE32251F309009451E5 /* VKDelegate.swift */; };
		30120FE822520B05009451E5 /* LoginVC.swift in Sources */ = {isa = PBXBuildFile; fileRef = 30120FE722520B05009451E5 /* LoginVC.swift */; };
		30120FF022522409009451E5 /* UIViewController+Extension.swift in Sources */ = {isa = PBXBuildFile; fileRef = 30120FEF22522409009451E5 /* UIViewController+Extension.swift */; };
		30120FFA22523793009451E5 /* AlbumsVC.swift in Sources */ = {isa = PBXBuildFile; fileRef = 30120FF922523793009451E5 /* AlbumsVC.swift */; };
		30120FFC22523D98009451E5 /* LoginVC.storyboard in Resources */ = {isa = PBXBuildFile; fileRef = 30120FFB22523D98009451E5 /* LoginVC.storyboard */; };
		30120FFE225252A5009451E5 /* AlbumsVC.storyboard in Resources */ = {isa = PBXBuildFile; fileRef = 30120FFD225252A5009451E5 /* AlbumsVC.storyboard */; };
		3012100022525909009451E5 /* AlbumsCell.swift in Sources */ = {isa = PBXBuildFile; fileRef = 30120FFF22525909009451E5 /* AlbumsCell.swift */; };
		302D33D6226A66D400593DD0 /* AlbumsProgressView.xib in Resources */ = {isa = PBXBuildFile; fileRef = 302D33D5226A66D400593DD0 /* AlbumsProgressView.xib */; };
		302D33D8226A67E800593DD0 /* AlbumsProgressView.swift in Sources */ = {isa = PBXBuildFile; fileRef = 302D33D7226A67E800593DD0 /* AlbumsProgressView.swift */; };
		302D33DA226A6CCF00593DD0 /* UIView+Extension.swift in Sources */ = {isa = PBXBuildFile; fileRef = 302D33D9226A6CCF00593DD0 /* UIView+Extension.swift */; };
		302EB6052294007900D20826 /* MapVC.swift in Sources */ = {isa = PBXBuildFile; fileRef = 302EB6042294007900D20826 /* MapVC.swift */; };
		302EB607229400A400D20826 /* MapVC.storyboard in Resources */ = {isa = PBXBuildFile; fileRef = 302EB606229400A400D20826 /* MapVC.storyboard */; };
		3035785222833B9400B7C106 /* UserResponsable.swift in Sources */ = {isa = PBXBuildFile; fileRef = 3035785122833B9400B7C106 /* UserResponsable.swift */; };
		303D0A752266FBAD0099CCA5 /* UIImage+Extension.swift in Sources */ = {isa = PBXBuildFile; fileRef = 303D0A742266FBAD0099CCA5 /* UIImage+Extension.swift */; };
		30481D04225005500087F242 /* AppDelegate.swift in Sources */ = {isa = PBXBuildFile; fileRef = 30481D03225005500087F242 /* AppDelegate.swift */; };
		30481D0B225005510087F242 /* Assets.xcassets in Resources */ = {isa = PBXBuildFile; fileRef = 30481D0A225005510087F242 /* Assets.xcassets */; };
		30481D0E225005510087F242 /* LaunchScreen.storyboard in Resources */ = {isa = PBXBuildFile; fileRef = 30481D0C225005510087F242 /* LaunchScreen.storyboard */; };
		305265C922807DA10099D2BD /* SwiftyVK.framework in Frameworks */ = {isa = PBXBuildFile; fileRef = 30120FE12251F28B009451E5 /* SwiftyVK.framework */; };
		3064534F2265920F00D2B0D9 /* AlbumsResponse.swift in Sources */ = {isa = PBXBuildFile; fileRef = 3064534E2265920F00D2B0D9 /* AlbumsResponse.swift */; };
		307B4F5822815E3300D99FA7 /* UINavigationController+Extension.swift in Sources */ = {isa = PBXBuildFile; fileRef = 307B4F5722815E3300D99FA7 /* UINavigationController+Extension.swift */; };
		307B4F5A2281638800D99FA7 /* LoginVM.swift in Sources */ = {isa = PBXBuildFile; fileRef = 307B4F592281638800D99FA7 /* LoginVM.swift */; };
		307F78BF226D930B00F3EDAA /* DetailsVC.storyboard in Resources */ = {isa = PBXBuildFile; fileRef = 307F78BC226D930B00F3EDAA /* DetailsVC.storyboard */; };
		307F78C0226D930B00F3EDAA /* DetailsVC.swift in Sources */ = {isa = PBXBuildFile; fileRef = 307F78BD226D930B00F3EDAA /* DetailsVC.swift */; };
		307F78C2226DA38900F3EDAA /* DetailsCell.swift in Sources */ = {isa = PBXBuildFile; fileRef = 307F78C1226DA38900F3EDAA /* DetailsCell.swift */; };
		3081F962226C99A900FB88D1 /* PhotosProgressView.swift in Sources */ = {isa = PBXBuildFile; fileRef = 3081F961226C99A900FB88D1 /* PhotosProgressView.swift */; };
		308BADC12289BCE5005E4E9A /* VKApi.swift in Sources */ = {isa = PBXBuildFile; fileRef = 308BADC02289BCE5005E4E9A /* VKApi.swift */; };
		309281302253D81B00987F5B /* AlbumsVM.swift in Sources */ = {isa = PBXBuildFile; fileRef = 3092812F2253D81B00987F5B /* AlbumsVM.swift */; };
		309281342253EC9800987F5B /* WebImageView.swift in Sources */ = {isa = PBXBuildFile; fileRef = 309281332253EC9800987F5B /* WebImageView.swift */; };
		30E0136922807C4B00715206 /* Swinject.framework in Frameworks */ = {isa = PBXBuildFile; fileRef = 30E0136822807C4B00715206 /* Swinject.framework */; };
/* End PBXBuildFile section */

/* Begin PBXFileReference section */
		301136FA226B7EB800894D04 /* UITableView+Extension.swift */ = {isa = PBXFileReference; lastKnownFileType = sourcecode.swift; path = "UITableView+Extension.swift"; sourceTree = "<group>"; };
		301136FC226B813700894D04 /* UICollectionView+Extension.swift */ = {isa = PBXFileReference; lastKnownFileType = sourcecode.swift; path = "UICollectionView+Extension.swift"; sourceTree = "<group>"; };
		301136FF226B867700894D04 /* PhotosVM.swift */ = {isa = PBXFileReference; fileEncoding = 4; lastKnownFileType = sourcecode.swift; path = PhotosVM.swift; sourceTree = "<group>"; };
		30113700226B867700894D04 /* PhotosResponse.swift */ = {isa = PBXFileReference; fileEncoding = 4; lastKnownFileType = sourcecode.swift; path = PhotosResponse.swift; sourceTree = "<group>"; };
		30113701226B867700894D04 /* PhotosVC.storyboard */ = {isa = PBXFileReference; fileEncoding = 4; lastKnownFileType = file.storyboard; path = PhotosVC.storyboard; sourceTree = "<group>"; };
		30113702226B867700894D04 /* PhotosCell.swift */ = {isa = PBXFileReference; fileEncoding = 4; lastKnownFileType = sourcecode.swift; path = PhotosCell.swift; sourceTree = "<group>"; };
		30113703226B867700894D04 /* PhotosVC.swift */ = {isa = PBXFileReference; fileEncoding = 4; lastKnownFileType = sourcecode.swift; path = PhotosVC.swift; sourceTree = "<group>"; };
		30120FE12251F28B009451E5 /* SwiftyVK.framework */ = {isa = PBXFileReference; lastKnownFileType = wrapper.framework; name = SwiftyVK.framework; path = Carthage/Build/iOS/SwiftyVK.framework; sourceTree = "<group>"; };
		30120FE32251F309009451E5 /* VKDelegate.swift */ = {isa = PBXFileReference; lastKnownFileType = sourcecode.swift; path = VKDelegate.swift; sourceTree = "<group>"; };
		30120FE722520B05009451E5 /* LoginVC.swift */ = {isa = PBXFileReference; lastKnownFileType = sourcecode.swift; path = LoginVC.swift; sourceTree = "<group>"; };
		30120FEF22522409009451E5 /* UIViewController+Extension.swift */ = {isa = PBXFileReference; lastKnownFileType = sourcecode.swift; path = "UIViewController+Extension.swift"; sourceTree = "<group>"; };
		30120FF922523793009451E5 /* AlbumsVC.swift */ = {isa = PBXFileReference; lastKnownFileType = sourcecode.swift; path = AlbumsVC.swift; sourceTree = "<group>"; };
		30120FFB22523D98009451E5 /* LoginVC.storyboard */ = {isa = PBXFileReference; fileEncoding = 4; lastKnownFileType = file.storyboard; path = LoginVC.storyboard; sourceTree = "<group>"; };
		30120FFD225252A5009451E5 /* AlbumsVC.storyboard */ = {isa = PBXFileReference; lastKnownFileType = file.storyboard; path = AlbumsVC.storyboard; sourceTree = "<group>"; };
		30120FFF22525909009451E5 /* AlbumsCell.swift */ = {isa = PBXFileReference; lastKnownFileType = sourcecode.swift; path = AlbumsCell.swift; sourceTree = "<group>"; };
		302D33D5226A66D400593DD0 /* AlbumsProgressView.xib */ = {isa = PBXFileReference; lastKnownFileType = file.xib; path = AlbumsProgressView.xib; sourceTree = "<group>"; };
		302D33D7226A67E800593DD0 /* AlbumsProgressView.swift */ = {isa = PBXFileReference; lastKnownFileType = sourcecode.swift; path = AlbumsProgressView.swift; sourceTree = "<group>"; };
		302D33D9226A6CCF00593DD0 /* UIView+Extension.swift */ = {isa = PBXFileReference; lastKnownFileType = sourcecode.swift; path = "UIView+Extension.swift"; sourceTree = "<group>"; };
		302EB6042294007900D20826 /* MapVC.swift */ = {isa = PBXFileReference; lastKnownFileType = sourcecode.swift; path = MapVC.swift; sourceTree = "<group>"; };
		302EB606229400A400D20826 /* MapVC.storyboard */ = {isa = PBXFileReference; lastKnownFileType = file.storyboard; path = MapVC.storyboard; sourceTree = "<group>"; };
		3035785122833B9400B7C106 /* UserResponsable.swift */ = {isa = PBXFileReference; lastKnownFileType = sourcecode.swift; path = UserResponsable.swift; sourceTree = "<group>"; };
		303D0A742266FBAD0099CCA5 /* UIImage+Extension.swift */ = {isa = PBXFileReference; lastKnownFileType = sourcecode.swift; path = "UIImage+Extension.swift"; sourceTree = "<group>"; };
		30481D00225005500087F242 /* GalleryDemo.app */ = {isa = PBXFileReference; explicitFileType = wrapper.application; includeInIndex = 0; path = GalleryDemo.app; sourceTree = BUILT_PRODUCTS_DIR; };
		30481D03225005500087F242 /* AppDelegate.swift */ = {isa = PBXFileReference; lastKnownFileType = sourcecode.swift; path = AppDelegate.swift; sourceTree = "<group>"; };
		30481D0A225005510087F242 /* Assets.xcassets */ = {isa = PBXFileReference; lastKnownFileType = folder.assetcatalog; path = Assets.xcassets; sourceTree = "<group>"; };
		30481D0D225005510087F242 /* Base */ = {isa = PBXFileReference; lastKnownFileType = file.storyboard; name = Base; path = Base.lproj/LaunchScreen.storyboard; sourceTree = "<group>"; };
		30481D0F225005510087F242 /* Info.plist */ = {isa = PBXFileReference; lastKnownFileType = text.plist.xml; path = Info.plist; sourceTree = "<group>"; };
		3064534E2265920F00D2B0D9 /* AlbumsResponse.swift */ = {isa = PBXFileReference; lastKnownFileType = sourcecode.swift; path = AlbumsResponse.swift; sourceTree = "<group>"; };
		307B4F5722815E3300D99FA7 /* UINavigationController+Extension.swift */ = {isa = PBXFileReference; fileEncoding = 4; lastKnownFileType = sourcecode.swift; path = "UINavigationController+Extension.swift"; sourceTree = "<group>"; };
		307B4F592281638800D99FA7 /* LoginVM.swift */ = {isa = PBXFileReference; lastKnownFileType = sourcecode.swift; path = LoginVM.swift; sourceTree = "<group>"; };
		307F78BC226D930B00F3EDAA /* DetailsVC.storyboard */ = {isa = PBXFileReference; fileEncoding = 4; lastKnownFileType = file.storyboard; path = DetailsVC.storyboard; sourceTree = "<group>"; };
		307F78BD226D930B00F3EDAA /* DetailsVC.swift */ = {isa = PBXFileReference; fileEncoding = 4; lastKnownFileType = sourcecode.swift; path = DetailsVC.swift; sourceTree = "<group>"; };
		307F78C1226DA38900F3EDAA /* DetailsCell.swift */ = {isa = PBXFileReference; lastKnownFileType = sourcecode.swift; path = DetailsCell.swift; sourceTree = "<group>"; };
		3081F961226C99A900FB88D1 /* PhotosProgressView.swift */ = {isa = PBXFileReference; lastKnownFileType = sourcecode.swift; path = PhotosProgressView.swift; sourceTree = "<group>"; };
		308BADC02289BCE5005E4E9A /* VKApi.swift */ = {isa = PBXFileReference; lastKnownFileType = sourcecode.swift; path = VKApi.swift; sourceTree = "<group>"; };
		3092812F2253D81B00987F5B /* AlbumsVM.swift */ = {isa = PBXFileReference; lastKnownFileType = sourcecode.swift; path = AlbumsVM.swift; sourceTree = "<group>"; };
		309281332253EC9800987F5B /* WebImageView.swift */ = {isa = PBXFileReference; lastKnownFileType = sourcecode.swift; path = WebImageView.swift; sourceTree = "<group>"; };
		30E0136822807C4B00715206 /* Swinject.framework */ = {isa = PBXFileReference; lastKnownFileType = wrapper.framework; name = Swinject.framework; path = Carthage/Build/iOS/Swinject.framework; sourceTree = "<group>"; };
/* End PBXFileReference section */

/* Begin PBXFrameworksBuildPhase section */
		30481CFD225005500087F242 /* Frameworks */ = {
			isa = PBXFrameworksBuildPhase;
			buildActionMask = 2147483647;
			files = (
				305265C922807DA10099D2BD /* SwiftyVK.framework in Frameworks */,
				30E0136922807C4B00715206 /* Swinject.framework in Frameworks */,
			);
			runOnlyForDeploymentPostprocessing = 0;
		};
/* End PBXFrameworksBuildPhase section */

/* Begin PBXGroup section */
		301136FE226B85CC00894D04 /* Photos */ = {
			isa = PBXGroup;
			children = (
				30113701226B867700894D04 /* PhotosVC.storyboard */,
				30113703226B867700894D04 /* PhotosVC.swift */,
				301136FF226B867700894D04 /* PhotosVM.swift */,
				30113702226B867700894D04 /* PhotosCell.swift */,
				3081F961226C99A900FB88D1 /* PhotosProgressView.swift */,
			);
			path = Photos;
			sourceTree = "<group>";
		};
		30120FE02251F28A009451E5 /* Frameworks */ = {
			isa = PBXGroup;
			children = (
				30E0136822807C4B00715206 /* Swinject.framework */,
				30120FE12251F28B009451E5 /* SwiftyVK.framework */,
			);
			name = Frameworks;
			sourceTree = "<group>";
		};
		30120FEC225223C1009451E5 /* Common */ = {
			isa = PBXGroup;
			children = (
				30120FEF22522409009451E5 /* UIViewController+Extension.swift */,
				307B4F5722815E3300D99FA7 /* UINavigationController+Extension.swift */,
				302D33D9226A6CCF00593DD0 /* UIView+Extension.swift */,
				303D0A742266FBAD0099CCA5 /* UIImage+Extension.swift */,
				301136FA226B7EB800894D04 /* UITableView+Extension.swift */,
				301136FC226B813700894D04 /* UICollectionView+Extension.swift */,
			);
			path = Common;
			sourceTree = "<group>";
		};
		3012100122525916009451E5 /* Logic */ = {
			isa = PBXGroup;
			children = (
				30120FFB22523D98009451E5 /* LoginVC.storyboard */,
				30120FE722520B05009451E5 /* LoginVC.swift */,
				307B4F592281638800D99FA7 /* LoginVM.swift */,
			);
			path = Logic;
			sourceTree = "<group>";
		};
		3012100222525921009451E5 /* Albums */ = {
			isa = PBXGroup;
			children = (
				30120FFD225252A5009451E5 /* AlbumsVC.storyboard */,
				30120FF922523793009451E5 /* AlbumsVC.swift */,
				3092812F2253D81B00987F5B /* AlbumsVM.swift */,
				30120FFF22525909009451E5 /* AlbumsCell.swift */,
				302D33D5226A66D400593DD0 /* AlbumsProgressView.xib */,
				302D33D7226A67E800593DD0 /* AlbumsProgressView.swift */,
			);
			path = Albums;
			sourceTree = "<group>";
		};
		302EB6032294002F00D20826 /* Map */ = {
			isa = PBXGroup;
			children = (
				302EB606229400A400D20826 /* MapVC.storyboard */,
				302EB6042294007900D20826 /* MapVC.swift */,
			);
			path = Map;
			sourceTree = "<group>";
		};
		30480B4022525DC9004D5993 /* Modules */ = {
			isa = PBXGroup;
			children = (
				308BADC02289BCE5005E4E9A /* VKApi.swift */,
				3012100122525916009451E5 /* Logic */,
				3012100222525921009451E5 /* Albums */,
				301136FE226B85CC00894D04 /* Photos */,
				307F78BA226D92EC00F3EDAA /* Details */,
				302EB6032294002F00D20826 /* Map */,
			);
			path = Modules;
			sourceTree = "<group>";
		};
		30481CF7225005500087F242 = {
			isa = PBXGroup;
			children = (
				30481D02225005500087F242 /* GalleryDemo */,
				30481D01225005500087F242 /* Products */,
				30120FE02251F28A009451E5 /* Frameworks */,
			);
			sourceTree = "<group>";
		};
		30481D01225005500087F242 /* Products */ = {
			isa = PBXGroup;
			children = (
				30481D00225005500087F242 /* GalleryDemo.app */,
			);
			name = Products;
			sourceTree = "<group>";
		};
		30481D02225005500087F242 /* GalleryDemo */ = {
			isa = PBXGroup;
			children = (
				30120FEC225223C1009451E5 /* Common */,
				309281392254CA7400987F5B /* Managers */,
				30E0136722807A4A00715206 /* Responses */,
				30480B4022525DC9004D5993 /* Modules */,
				30120FE32251F309009451E5 /* VKDelegate.swift */,
				30481D03225005500087F242 /* AppDelegate.swift */,
				30481D0A225005510087F242 /* Assets.xcassets */,
				30481D0C225005510087F242 /* LaunchScreen.storyboard */,
				30481D0F225005510087F242 /* Info.plist */,
			);
			path = GalleryDemo;
			sourceTree = "<group>";
		};
		307F78BA226D92EC00F3EDAA /* Details */ = {
			isa = PBXGroup;
			children = (
				307F78BC226D930B00F3EDAA /* DetailsVC.storyboard */,
				307F78BD226D930B00F3EDAA /* DetailsVC.swift */,
				307F78C1226DA38900F3EDAA /* DetailsCell.swift */,
			);
			path = Details;
			sourceTree = "<group>";
		};
		309281392254CA7400987F5B /* Managers */ = {
			isa = PBXGroup;
			children = (
				309281332253EC9800987F5B /* WebImageView.swift */,
			);
			path = Managers;
			sourceTree = "<group>";
		};
		30E0136722807A4A00715206 /* Responses */ = {
			isa = PBXGroup;
			children = (
				3064534E2265920F00D2B0D9 /* AlbumsResponse.swift */,
				30113700226B867700894D04 /* PhotosResponse.swift */,
				3035785122833B9400B7C106 /* UserResponsable.swift */,
			);
			path = Responses;
			sourceTree = "<group>";
		};
/* End PBXGroup section */

/* Begin PBXNativeTarget section */
		30481CFF225005500087F242 /* GalleryDemo */ = {
			isa = PBXNativeTarget;
			buildConfigurationList = 30481D12225005510087F242 /* Build configuration list for PBXNativeTarget "GalleryDemo" */;
			buildPhases = (
				30481CFC225005500087F242 /* Sources */,
				30481CFD225005500087F242 /* Frameworks */,
				30481CFE225005500087F242 /* Resources */,
				30120FDF2251F0DB009451E5 /* ShellScript */,
			);
			buildRules = (
			);
			dependencies = (
			);
			name = GalleryDemo;
			productName = GalleryDemo;
			productReference = 30481D00225005500087F242 /* GalleryDemo.app */;
			productType = "com.apple.product-type.application";
		};
/* End PBXNativeTarget section */

/* Begin PBXProject section */
		30481CF8225005500087F242 /* Project object */ = {
			isa = PBXProject;
			attributes = {
				LastSwiftUpdateCheck = 1020;
				LastUpgradeCheck = 1020;
				ORGANIZATIONNAME = figma;
				TargetAttributes = {
					30481CFF225005500087F242 = {
						CreatedOnToolsVersion = 10.2;
					};
				};
			};
			buildConfigurationList = 30481CFB225005500087F242 /* Build configuration list for PBXProject "GalleryDemo" */;
			compatibilityVersion = "Xcode 9.3";
			developmentRegion = en;
			hasScannedForEncodings = 0;
			knownRegions = (
				en,
				Base,
			);
			mainGroup = 30481CF7225005500087F242;
			productRefGroup = 30481D01225005500087F242 /* Products */;
			projectDirPath = "";
			projectRoot = "";
			targets = (
				30481CFF225005500087F242 /* GalleryDemo */,
			);
		};
/* End PBXProject section */

/* Begin PBXResourcesBuildPhase section */
		30481CFE225005500087F242 /* Resources */ = {
			isa = PBXResourcesBuildPhase;
			buildActionMask = 2147483647;
			files = (
				30113706226B867700894D04 /* PhotosVC.storyboard in Resources */,
				30120FFC22523D98009451E5 /* LoginVC.storyboard in Resources */,
				302D33D6226A66D400593DD0 /* AlbumsProgressView.xib in Resources */,
				302EB607229400A400D20826 /* MapVC.storyboard in Resources */,
				30120FFE225252A5009451E5 /* AlbumsVC.storyboard in Resources */,
				307F78BF226D930B00F3EDAA /* DetailsVC.storyboard in Resources */,
				30481D0E225005510087F242 /* LaunchScreen.storyboard in Resources */,
				30481D0B225005510087F242 /* Assets.xcassets in Resources */,
			);
			runOnlyForDeploymentPostprocessing = 0;
		};
/* End PBXResourcesBuildPhase section */

/* Begin PBXShellScriptBuildPhase section */
		30120FDF2251F0DB009451E5 /* ShellScript */ = {
			isa = PBXShellScriptBuildPhase;
			buildActionMask = 2147483647;
			files = (
			);
			inputFileListPaths = (
			);
			inputPaths = (
				"$(SRCROOT)/Carthage/Build/iOS/SwiftyVK.framework",
				"$(SRCROOT)/Carthage/Build/iOS/Swinject.framework",
			);
			outputFileListPaths = (
			);
			outputPaths = (
			);
			runOnlyForDeploymentPostprocessing = 0;
			shellPath = /bin/sh;
			shellScript = "/usr/local/bin/carthage copy-frameworks\n\nif which swiftlint >/dev/null; then\n    swiftlint\nelse\n    echo \"warning: SwiftLint not installed, download from https://github.com/realm/SwiftLint\"\nfi\n";
		};
/* End PBXShellScriptBuildPhase section */

/* Begin PBXSourcesBuildPhase section */
		30481CFC225005500087F242 /* Sources */ = {
			isa = PBXSourcesBuildPhase;
			buildActionMask = 2147483647;
			files = (
				307F78C2226DA38900F3EDAA /* DetailsCell.swift in Sources */,
				303D0A752266FBAD0099CCA5 /* UIImage+Extension.swift in Sources */,
				307F78C0226D930B00F3EDAA /* DetailsVC.swift in Sources */,
				30113705226B867700894D04 /* PhotosResponse.swift in Sources */,
				3081F962226C99A900FB88D1 /* PhotosProgressView.swift in Sources */,
				30113704226B867700894D04 /* PhotosVM.swift in Sources */,
				30120FFA22523793009451E5 /* AlbumsVC.swift in Sources */,
				301136FB226B7EB800894D04 /* UITableView+Extension.swift in Sources */,
				302D33DA226A6CCF00593DD0 /* UIView+Extension.swift in Sources */,
				30481D04225005500087F242 /* AppDelegate.swift in Sources */,
				30113707226B867700894D04 /* PhotosCell.swift in Sources */,
				301136FD226B813700894D04 /* UICollectionView+Extension.swift in Sources */,
				309281342253EC9800987F5B /* WebImageView.swift in Sources */,
				3035785222833B9400B7C106 /* UserResponsable.swift in Sources */,
				30120FF022522409009451E5 /* UIViewController+Extension.swift in Sources */,
				309281302253D81B00987F5B /* AlbumsVM.swift in Sources */,
				302EB6052294007900D20826 /* MapVC.swift in Sources */,
				30120FE42251F309009451E5 /* VKDelegate.swift in Sources */,
				307B4F5822815E3300D99FA7 /* UINavigationController+Extension.swift in Sources */,
				30113708226B867700894D04 /* PhotosVC.swift in Sources */,
				30120FE822520B05009451E5 /* LoginVC.swift in Sources */,
				307B4F5A2281638800D99FA7 /* LoginVM.swift in Sources */,
				308BADC12289BCE5005E4E9A /* VKApi.swift in Sources */,
				302D33D8226A67E800593DD0 /* AlbumsProgressView.swift in Sources */,
				3064534F2265920F00D2B0D9 /* AlbumsResponse.swift in Sources */,
				3012100022525909009451E5 /* AlbumsCell.swift in Sources */,
			);
			runOnlyForDeploymentPostprocessing = 0;
		};
/* End PBXSourcesBuildPhase section */

/* Begin PBXVariantGroup section */
		30481D0C225005510087F242 /* LaunchScreen.storyboard */ = {
			isa = PBXVariantGroup;
			children = (
				30481D0D225005510087F242 /* Base */,
			);
			name = LaunchScreen.storyboard;
			sourceTree = "<group>";
		};
/* End PBXVariantGroup section */

/* Begin XCBuildConfiguration section */
		30481D10225005510087F242 /* Debug */ = {
			isa = XCBuildConfiguration;
			buildSettings = {
				ALWAYS_SEARCH_USER_PATHS = NO;
				CLANG_ANALYZER_NONNULL = YES;
				CLANG_ANALYZER_NUMBER_OBJECT_CONVERSION = YES_AGGRESSIVE;
				CLANG_CXX_LANGUAGE_STANDARD = "gnu++14";
				CLANG_CXX_LIBRARY = "libc++";
				CLANG_ENABLE_MODULES = YES;
				CLANG_ENABLE_OBJC_ARC = YES;
				CLANG_ENABLE_OBJC_WEAK = YES;
				CLANG_WARN_BLOCK_CAPTURE_AUTORELEASING = YES;
				CLANG_WARN_BOOL_CONVERSION = YES;
				CLANG_WARN_COMMA = YES;
				CLANG_WARN_CONSTANT_CONVERSION = YES;
				CLANG_WARN_DEPRECATED_OBJC_IMPLEMENTATIONS = YES;
				CLANG_WARN_DIRECT_OBJC_ISA_USAGE = YES_ERROR;
				CLANG_WARN_DOCUMENTATION_COMMENTS = YES;
				CLANG_WARN_EMPTY_BODY = YES;
				CLANG_WARN_ENUM_CONVERSION = YES;
				CLANG_WARN_INFINITE_RECURSION = YES;
				CLANG_WARN_INT_CONVERSION = YES;
				CLANG_WARN_NON_LITERAL_NULL_CONVERSION = YES;
				CLANG_WARN_OBJC_IMPLICIT_RETAIN_SELF = YES;
				CLANG_WARN_OBJC_LITERAL_CONVERSION = YES;
				CLANG_WARN_OBJC_ROOT_CLASS = YES_ERROR;
				CLANG_WARN_RANGE_LOOP_ANALYSIS = YES;
				CLANG_WARN_STRICT_PROTOTYPES = YES;
				CLANG_WARN_SUSPICIOUS_MOVE = YES;
				CLANG_WARN_UNGUARDED_AVAILABILITY = YES_AGGRESSIVE;
				CLANG_WARN_UNREACHABLE_CODE = YES;
				CLANG_WARN__DUPLICATE_METHOD_MATCH = YES;
				CODE_SIGN_IDENTITY = "iPhone Developer";
				COPY_PHASE_STRIP = NO;
				DEBUG_INFORMATION_FORMAT = dwarf;
				ENABLE_STRICT_OBJC_MSGSEND = YES;
				ENABLE_TESTABILITY = YES;
				GCC_C_LANGUAGE_STANDARD = gnu11;
				GCC_DYNAMIC_NO_PIC = NO;
				GCC_NO_COMMON_BLOCKS = YES;
				GCC_OPTIMIZATION_LEVEL = 0;
				GCC_PREPROCESSOR_DEFINITIONS = (
					"DEBUG=1",
					"$(inherited)",
				);
				GCC_WARN_64_TO_32_BIT_CONVERSION = YES;
				GCC_WARN_ABOUT_RETURN_TYPE = YES_ERROR;
				GCC_WARN_UNDECLARED_SELECTOR = YES;
				GCC_WARN_UNINITIALIZED_AUTOS = YES_AGGRESSIVE;
				GCC_WARN_UNUSED_FUNCTION = YES;
				GCC_WARN_UNUSED_VARIABLE = YES;
				IPHONEOS_DEPLOYMENT_TARGET = 12.2;
				MTL_ENABLE_DEBUG_INFO = INCLUDE_SOURCE;
				MTL_FAST_MATH = YES;
				ONLY_ACTIVE_ARCH = YES;
				SDKROOT = iphoneos;
				SWIFT_ACTIVE_COMPILATION_CONDITIONS = DEBUG;
				SWIFT_OPTIMIZATION_LEVEL = "-Onone";
			};
			name = Debug;
		};
		30481D11225005510087F242 /* Release */ = {
			isa = XCBuildConfiguration;
			buildSettings = {
				ALWAYS_SEARCH_USER_PATHS = NO;
				CLANG_ANALYZER_NONNULL = YES;
				CLANG_ANALYZER_NUMBER_OBJECT_CONVERSION = YES_AGGRESSIVE;
				CLANG_CXX_LANGUAGE_STANDARD = "gnu++14";
				CLANG_CXX_LIBRARY = "libc++";
				CLANG_ENABLE_MODULES = YES;
				CLANG_ENABLE_OBJC_ARC = YES;
				CLANG_ENABLE_OBJC_WEAK = YES;
				CLANG_WARN_BLOCK_CAPTURE_AUTORELEASING = YES;
				CLANG_WARN_BOOL_CONVERSION = YES;
				CLANG_WARN_COMMA = YES;
				CLANG_WARN_CONSTANT_CONVERSION = YES;
				CLANG_WARN_DEPRECATED_OBJC_IMPLEMENTATIONS = YES;
				CLANG_WARN_DIRECT_OBJC_ISA_USAGE = YES_ERROR;
				CLANG_WARN_DOCUMENTATION_COMMENTS = YES;
				CLANG_WARN_EMPTY_BODY = YES;
				CLANG_WARN_ENUM_CONVERSION = YES;
				CLANG_WARN_INFINITE_RECURSION = YES;
				CLANG_WARN_INT_CONVERSION = YES;
				CLANG_WARN_NON_LITERAL_NULL_CONVERSION = YES;
				CLANG_WARN_OBJC_IMPLICIT_RETAIN_SELF = YES;
				CLANG_WARN_OBJC_LITERAL_CONVERSION = YES;
				CLANG_WARN_OBJC_ROOT_CLASS = YES_ERROR;
				CLANG_WARN_RANGE_LOOP_ANALYSIS = YES;
				CLANG_WARN_STRICT_PROTOTYPES = YES;
				CLANG_WARN_SUSPICIOUS_MOVE = YES;
				CLANG_WARN_UNGUARDED_AVAILABILITY = YES_AGGRESSIVE;
				CLANG_WARN_UNREACHABLE_CODE = YES;
				CLANG_WARN__DUPLICATE_METHOD_MATCH = YES;
				CODE_SIGN_IDENTITY = "iPhone Developer";
				COPY_PHASE_STRIP = NO;
				DEBUG_INFORMATION_FORMAT = "dwarf-with-dsym";
				ENABLE_NS_ASSERTIONS = NO;
				ENABLE_STRICT_OBJC_MSGSEND = YES;
				GCC_C_LANGUAGE_STANDARD = gnu11;
				GCC_NO_COMMON_BLOCKS = YES;
				GCC_WARN_64_TO_32_BIT_CONVERSION = YES;
				GCC_WARN_ABOUT_RETURN_TYPE = YES_ERROR;
				GCC_WARN_UNDECLARED_SELECTOR = YES;
				GCC_WARN_UNINITIALIZED_AUTOS = YES_AGGRESSIVE;
				GCC_WARN_UNUSED_FUNCTION = YES;
				GCC_WARN_UNUSED_VARIABLE = YES;
				IPHONEOS_DEPLOYMENT_TARGET = 12.2;
				MTL_ENABLE_DEBUG_INFO = NO;
				MTL_FAST_MATH = YES;
				SDKROOT = iphoneos;
				SWIFT_COMPILATION_MODE = wholemodule;
				SWIFT_OPTIMIZATION_LEVEL = "-O";
				VALIDATE_PRODUCT = YES;
			};
			name = Release;
		};
		30481D13225005510087F242 /* Debug */ = {
			isa = XCBuildConfiguration;
			buildSettings = {
				ASSETCATALOG_COMPILER_APPICON_NAME = AppIcon;
				CODE_SIGN_STYLE = Automatic;
				DEVELOPMENT_TEAM = XVRKYD4VJG;
				FRAMEWORK_SEARCH_PATHS = (
					"$(inherited)",
					"$(PROJECT_DIR)/Carthage/Build/iOS",
				);
				INFOPLIST_FILE = GalleryDemo/Info.plist;
				LD_RUNPATH_SEARCH_PATHS = (
					"$(inherited)",
					"@executable_path/Frameworks",
				);
				PRODUCT_BUNDLE_IDENTIFIER = com.romanwb.GalleryDemo;
				PRODUCT_NAME = "$(TARGET_NAME)";
				SWIFT_VERSION = 5.0;
				TARGETED_DEVICE_FAMILY = "1,2";
			};
			name = Debug;
		};
		30481D14225005510087F242 /* Release */ = {
			isa = XCBuildConfiguration;
			buildSettings = {
				ASSETCATALOG_COMPILER_APPICON_NAME = AppIcon;
				CODE_SIGN_STYLE = Automatic;
				DEVELOPMENT_TEAM = XVRKYD4VJG;
				FRAMEWORK_SEARCH_PATHS = (
					"$(inherited)",
					"$(PROJECT_DIR)/Carthage/Build/iOS",
				);
				INFOPLIST_FILE = GalleryDemo/Info.plist;
				LD_RUNPATH_SEARCH_PATHS = (
					"$(inherited)",
					"@executable_path/Frameworks",
				);
				PRODUCT_BUNDLE_IDENTIFIER = com.romanwb.GalleryDemo;
				PRODUCT_NAME = "$(TARGET_NAME)";
				SWIFT_VERSION = 5.0;
				TARGETED_DEVICE_FAMILY = "1,2";
			};
			name = Release;
		};
/* End XCBuildConfiguration section */

/* Begin XCConfigurationList section */
		30481CFB225005500087F242 /* Build configuration list for PBXProject "GalleryDemo" */ = {
			isa = XCConfigurationList;
			buildConfigurations = (
				30481D10225005510087F242 /* Debug */,
				30481D11225005510087F242 /* Release */,
			);
			defaultConfigurationIsVisible = 0;
			defaultConfigurationName = Release;
		};
		30481D12225005510087F242 /* Build configuration list for PBXNativeTarget "GalleryDemo" */ = {
			isa = XCConfigurationList;
			buildConfigurations = (
				30481D13225005510087F242 /* Debug */,
				30481D14225005510087F242 /* Release */,
			);
			defaultConfigurationIsVisible = 0;
			defaultConfigurationName = Release;
		};
/* End XCConfigurationList section */
	};
	rootObject = 30481CF8225005500087F242 /* Project object */;
}
